
Microsoft Visual Studio Solution File, Format Version 12.00
# Visual Studio 14
VisualStudioVersion = 14.0.23107.0
MinimumVisualStudioVersion = 10.0.40219.1
Project("{FAE04EC0-301F-11D3-BF4B-00C04F79EFBC}") = "AuctionPlanet.WebPresentation", "AuctionPlanet.WebPresentation\AuctionPlanet.WebPresentation.csproj", "{2277F98D-1E3C-444F-B211-8D81883A91EC}"
EndProject
Project("{FAE04EC0-301F-11D3-BF4B-00C04F79EFBC}") = "AuctionPlanet.DataAccess", "AuctionPlanet.DataAccess\AuctionPlanet.DataAccess.csproj", "{68880443-1B25-4529-89D8-E663163A4223}"
EndProject
Project("{FAE04EC0-301F-11D3-BF4B-00C04F79EFBC}") = "AuctionPlanet.BusinessLogic", "AuctionPlanet.BusinessLogic\AuctionPlanet.BusinessLogic.csproj", "{EC457E72-02A0-4EAF-A700-FF2F7BA32D05}"
EndProject
Project("{FAE04EC0-301F-11D3-BF4B-00C04F79EFBC}") = "AuctionPlanet.Tests", "AuctionPlanet.Tests\AuctionPlanet.Tests.csproj", "{F39DB549-40CF-4AEA-9FF4-3A5D982E6992}"
EndProject
Global
	GlobalSection(SolutionConfigurationPlatforms) = preSolution
		Debug|Any CPU = Debug|Any CPU
		Release|Any CPU = Release|Any CPU
	EndGlobalSection
	GlobalSection(ProjectConfigurationPlatforms) = postSolution
		{2277F98D-1E3C-444F-B211-8D81883A91EC}.Debug|Any CPU.ActiveCfg = Debug|Any CPU
		{2277F98D-1E3C-444F-B211-8D81883A91EC}.Debug|Any CPU.Build.0 = Debug|Any CPU
		{2277F98D-1E3C-444F-B211-8D81883A91EC}.Release|Any CPU.ActiveCfg = Release|Any CPU
		{2277F98D-1E3C-444F-B211-8D81883A91EC}.Release|Any CPU.Build.0 = Release|Any CPU
		{68880443-1B25-4529-89D8-E663163A4223}.Debug|Any CPU.ActiveCfg = Debug|Any CPU
		{68880443-1B25-4529-89D8-E663163A4223}.Debug|Any CPU.Build.0 = Debug|Any CPU
		{68880443-1B25-4529-89D8-E663163A4223}.Release|Any CPU.ActiveCfg = Release|Any CPU
		{68880443-1B25-4529-89D8-E663163A4223}.Release|Any CPU.Build.0 = Release|Any CPU
		{EC457E72-02A0-4EAF-A700-FF2F7BA32D05}.Debug|Any CPU.ActiveCfg = Debug|Any CPU
		{EC457E72-02A0-4EAF-A700-FF2F7BA32D05}.Debug|Any CPU.Build.0 = Debug|Any CPU
		{EC457E72-02A0-4EAF-A700-FF2F7BA32D05}.Release|Any CPU.ActiveCfg = Release|Any CPU
		{EC457E72-02A0-4EAF-A700-FF2F7BA32D05}.Release|Any CPU.Build.0 = Release|Any CPU
		{F39DB549-40CF-4AEA-9FF4-3A5D982E6992}.Debug|Any CPU.ActiveCfg = Debug|Any CPU
		{F39DB549-40CF-4AEA-9FF4-3A5D982E6992}.Debug|Any CPU.Build.0 = Debug|Any CPU
		{F39DB549-40CF-4AEA-9FF4-3A5D982E6992}.Release|Any CPU.ActiveCfg = Release|Any CPU
		{F39DB549-40CF-4AEA-9FF4-3A5D982E6992}.Release|Any CPU.Build.0 = Release|Any CPU
	EndGlobalSection
	GlobalSection(SolutionProperties) = preSolution
		HideSolutionNode = FALSE
	EndGlobalSection
EndGlobal
